
Microsoft Visual Studio Solution File, Format Version 11.00
# Visual Studio 2010
Project("{FAE04EC0-301F-11D3-BF4B-00C04F79EFBC}") = "CrashReporter.NET", "CrashReporter.NET\CrashReporter.NET.csproj", "{67912BDA-1572-46B0-8623-5872D9DADBC8}"
EndProject
Project("{FAE04EC0-301F-11D3-BF4B-00C04F79EFBC}") = "CrashReporterTest", "CrashReporterTest\CrashReporterTest.csproj", "{895AE503-6920-4BFF-9D47-3A91F90E8606}"
EndProject
Global
	GlobalSection(SolutionConfigurationPlatforms) = preSolution
		Debug|Any CPU = Debug|Any CPU
		Debug|Mixed Platforms = Debug|Mixed Platforms
		Debug|x86 = Debug|x86
		Release|Any CPU = Release|Any CPU
		Release|Mixed Platforms = Release|Mixed Platforms
		Release|x86 = Release|x86
	EndGlobalSection
	GlobalSection(ProjectConfigurationPlatforms) = postSolution
		{67912BDA-1572-46B0-8623-5872D9DADBC8}.Debug|Any CPU.ActiveCfg = Debug|Any CPU
		{67912BDA-1572-46B0-8623-5872D9DADBC8}.Debug|Any CPU.Build.0 = Debug|Any CPU
		{67912BDA-1572-46B0-8623-5872D9DADBC8}.Debug|Mixed Platforms.ActiveCfg = Debug|Any CPU
		{67912BDA-1572-46B0-8623-5872D9DADBC8}.Debug|Mixed Platforms.Build.0 = Debug|Any CPU
		{67912BDA-1572-46B0-8623-5872D9DADBC8}.Debug|x86.ActiveCfg = Debug|Any CPU
		{67912BDA-1572-46B0-8623-5872D9DADBC8}.Release|Any CPU.ActiveCfg = Release|Any CPU
		{67912BDA-1572-46B0-8623-5872D9DADBC8}.Release|Any CPU.Build.0 = Release|Any CPU
		{67912BDA-1572-46B0-8623-5872D9DADBC8}.Release|Mixed Platforms.ActiveCfg = Release|Any CPU
		{67912BDA-1572-46B0-8623-5872D9DADBC8}.Release|Mixed Platforms.Build.0 = Release|Any CPU
		{67912BDA-1572-46B0-8623-5872D9DADBC8}.Release|x86.ActiveCfg = Release|Any CPU
		{895AE503-6920-4BFF-9D47-3A91F90E8606}.Debug|Any CPU.ActiveCfg = Debug|x86
		{895AE503-6920-4BFF-9D47-3A91F90E8606}.Debug|Mixed Platforms.ActiveCfg = Debug|x86
		{895AE503-6920-4BFF-9D47-3A91F90E8606}.Debug|Mixed Platforms.Build.0 = Debug|x86
		{895AE503-6920-4BFF-9D47-3A91F90E8606}.Debug|x86.ActiveCfg = Debug|x86
		{895AE503-6920-4BFF-9D47-3A91F90E8606}.Debug|x86.Build.0 = Debug|x86
		{895AE503-6920-4BFF-9D47-3A91F90E8606}.Release|Any CPU.ActiveCfg = Release|x86
		{895AE503-6920-4BFF-9D47-3A91F90E8606}.Release|Mixed Platforms.ActiveCfg = Release|x86
		{895AE503-6920-4BFF-9D47-3A91F90E8606}.Release|Mixed Platforms.Build.0 = Release|x86
		{895AE503-6920-4BFF-9D47-3A91F90E8606}.Release|x86.ActiveCfg = Release|x86
		{895AE503-6920-4BFF-9D47-3A91F90E8606}.Release|x86.Build.0 = Release|x86
	EndGlobalSection
	GlobalSection(SolutionProperties) = preSolution
		HideSolutionNode = FALSE
	EndGlobalSection
EndGlobal
