
Microsoft Visual Studio Solution File, Format Version 12.00
# Visual Studio 15
VisualStudioVersion = 15.0.26403.7
MinimumVisualStudioVersion = 10.0.40219.1
Project("{FAE04EC0-301F-11D3-BF4B-00C04F79EFBC}") = "CrashReporter.NET", "CrashReporter.NET\CrashReporter.NET.csproj", "{67912BDA-1572-46B0-8623-5872D9DADBC8}"
EndProject
Project("{FAE04EC0-301F-11D3-BF4B-00C04F79EFBC}") = "CrashReporterTest", "CrashReporterTest\CrashReporterTest.csproj", "{895AE503-6920-4BFF-9D47-3A91F90E8606}"
EndProject
Global
	GlobalSection(SolutionConfigurationPlatforms) = preSolution
		Debug|Any CPU = Debug|Any CPU
		Release|Any CPU = Release|Any CPU
	EndGlobalSection
	GlobalSection(ProjectConfigurationPlatforms) = postSolution
		{67912BDA-1572-46B0-8623-5872D9DADBC8}.Debug|Any CPU.ActiveCfg = Debug|Any CPU
		{67912BDA-1572-46B0-8623-5872D9DADBC8}.Debug|Any CPU.Build.0 = Debug|Any CPU
		{67912BDA-1572-46B0-8623-5872D9DADBC8}.Release|Any CPU.ActiveCfg = Release|Any CPU
		{67912BDA-1572-46B0-8623-5872D9DADBC8}.Release|Any CPU.Build.0 = Release|Any CPU
		{895AE503-6920-4BFF-9D47-3A91F90E8606}.Debug|Any CPU.ActiveCfg = Debug|Any CPU
		{895AE503-6920-4BFF-9D47-3A91F90E8606}.Debug|Any CPU.Build.0 = Debug|Any CPU
		{895AE503-6920-4BFF-9D47-3A91F90E8606}.Release|Any CPU.ActiveCfg = Release|Any CPU
		{895AE503-6920-4BFF-9D47-3A91F90E8606}.Release|Any CPU.Build.0 = Release|Any CPU
	EndGlobalSection
	GlobalSection(SolutionProperties) = preSolution
		HideSolutionNode = FALSE
	EndGlobalSection
	GlobalSection(SubversionScc) = preSolution
		Svn-Managed = True
		Manager = AnkhSVN - Subversion Support for Visual Studio
	EndGlobalSection
EndGlobal
